
Microsoft Visual Studio Solution File, Format Version 12.00
# Visual Studio Version 17
VisualStudioVersion = 17.14.36623.8 d17.14
MinimumVisualStudioVersion = 10.0.40219.1
Project("{FAE04EC0-301F-11D3-BF4B-00C04F79EFBC}") = "AnanymousFunctions", "AnanymousFunctions.csproj", "{68100531-568D-4573-B586-BFD84B4B7AB6}"
EndProject
Global
	GlobalSection(SolutionConfigurationPlatforms) = preSolution
		Debug|Any CPU = Debug|Any CPU
		Release|Any CPU = Release|Any CPU
	EndGlobalSection
	GlobalSection(ProjectConfigurationPlatforms) = postSolution
		{68100531-568D-4573-B586-BFD84B4B7AB6}.Debug|Any CPU.ActiveCfg = Debug|Any CPU
		{68100531-568D-4573-B586-BFD84B4B7AB6}.Debug|Any CPU.Build.0 = Debug|Any CPU
		{68100531-568D-4573-B586-BFD84B4B7AB6}.Release|Any CPU.ActiveCfg = Release|Any CPU
		{68100531-568D-4573-B586-BFD84B4B7AB6}.Release|Any CPU.Build.0 = Release|Any CPU
	EndGlobalSection
	GlobalSection(SolutionProperties) = preSolution
		HideSolutionNode = FALSE
	EndGlobalSection
	GlobalSection(ExtensibilityGlobals) = postSolution
		SolutionGuid = {B9BBFB08-B940-476A-A4FB-1B4057B7ABD9}
	EndGlobalSection
EndGlobal
